
Microsoft Visual Studio Solution File, Format Version 12.00
# Visual Studio 15
VisualStudioVersion = 15.0.26228.9
MinimumVisualStudioVersion = 10.0.40219.1
Project("{FAE04EC0-301F-11D3-BF4B-00C04F79EFBC}") = "TestSur", "TestSur\TestSur.csproj", "{B4F4E128-B0D5-449A-8AD1-49D54820BBCE}"
EndProject
Global
	GlobalSection(SolutionConfigurationPlatforms) = preSolution
		Debug|Any CPU = Debug|Any CPU
		Release|Any CPU = Release|Any CPU
	EndGlobalSection
	GlobalSection(ProjectConfigurationPlatforms) = postSolution
		{B4F4E128-B0D5-449A-8AD1-49D54820BBCE}.Debug|Any CPU.ActiveCfg = Debug|Any CPU
		{B4F4E128-B0D5-449A-8AD1-49D54820BBCE}.Debug|Any CPU.Build.0 = Debug|Any CPU
		{B4F4E128-B0D5-449A-8AD1-49D54820BBCE}.Release|Any CPU.ActiveCfg = Release|Any CPU
		{B4F4E128-B0D5-449A-8AD1-49D54820BBCE}.Release|Any CPU.Build.0 = Release|Any CPU
	EndGlobalSection
	GlobalSection(SolutionProperties) = preSolution
		HideSolutionNode = FALSE
	EndGlobalSection
EndGlobal
